{
  "name": "e240552a-e6af-4926-ac34-658feb5438e1",
  "version": "1.0.0",
  "lockfileVersion": 3,
  "requires": true,
  "packages": {
    "": {
      "name": "e240552a-e6af-4926-ac34-658feb5438e1",
      "version": "1.0.0",
      "bundleDependencies": [
        "@dcl/ecs-scene-utils",
        "@dcl/npc-scene-utils"
      ],
      "dependencies": {
        "@dcl/ecs-scene-utils": "^1.7.5",
        "@dcl/npc-scene-utils": "^1.5.1",
        "decentraland-builder-scripts": "latest",
        "decentraland-ecs": "latest"
      },
      "devDependencies": {
        "decentraland-ecs": "latest"
      }
    },
    "node_modules/@dcl/amd": {
      "version": "6.11.15",
      "resolved": "https://registry.npmjs.org/@dcl/amd/-/amd-6.11.15.tgz",
      "integrity": "sha512-aU/diVXC7cyjmo2NiF7IaMl9e1OZiTjFkyBGOA5R/zTbPWwsKTHtecLsTxAfTKcVC6W4wcFVoWjWY6yx8HxRdA==",
      "inBundle": true
    },
    "node_modules/@dcl/build-ecs": {
      "version": "6.11.15",
      "resolved": "https://registry.npmjs.org/@dcl/build-ecs/-/build-ecs-6.11.15.tgz",
      "integrity": "sha512-NFLaxkzwqo33CYCM6CHsWGTNY2YAMaHT9P0wEXPbnvdmrN9L0o5FpJdDewd21JI0b49EiwXUy9/1ykZdpPiW/A==",
      "inBundle": true,
      "dependencies": {
        "terser": "^5.15.0",
        "typescript": "^4.8.2"
      },
      "bin": {
        "build-ecs": "index.js"
      }
    },
    "node_modules/@dcl/ecs-scene-utils": {
      "version": "1.7.5",
      "resolved": "https://registry.npmjs.org/@dcl/ecs-scene-utils/-/ecs-scene-utils-1.7.5.tgz",
      "integrity": "sha512-kheUPhHTXHUdJBKjG3OHHyc9ABAMXyY63uV6E69sFeBIGgYCL+lK9FWMQJe5AOa+wHM781xdmWq8tHh4jlJbaw==",
      "inBundle": true,
      "peerDependencies": {
        "decentraland-ecs": "6.x.x"
      }
    },
    "node_modules/@dcl/explorer": {
      "version": "1.0.93180-20230321152015.commit-92ce8d2",
      "resolved": "https://registry.npmjs.org/@dcl/explorer/-/explorer-1.0.93180-20230321152015.commit-92ce8d2.tgz",
      "integrity": "sha512-xUtn8mr/FyzVcUjzco270AsuALBX4FiBKtpHoWlQhzGoELTeaB7kkU+8STXN71EDX2ZARrUqnuWmew2uIN4m/A==",
      "inBundle": true
    },
    "node_modules/@dcl/npc-scene-utils": {
      "version": "1.5.1",
      "resolved": "https://registry.npmjs.org/@dcl/npc-scene-utils/-/npc-scene-utils-1.5.1.tgz",
      "integrity": "sha512-Nk5EuleAqp8Ye0MaVm9h1l+adEnEbQo/aWo2tW5mFQ51wdLMxUP39xaeS2PdgRhpQ7ugZMnrClNiCrgkGToLvg==",
      "inBundle": true
    },
    "node_modules/@dcl/posix": {
      "version": "1.0.4",
      "resolved": "https://registry.npmjs.org/@dcl/posix/-/posix-1.0.4.tgz",
      "integrity": "sha512-Z0zpNr2HAxn2cLWUadWGlzaG48Z+N3hg2bI20UH+OT8NJtvCJnAwVBshAG83iAn4BTC+CsUsk4A394jrlv2ZIQ==",
      "inBundle": true
    },
    "node_modules/@jridgewell/gen-mapping": {
      "version": "0.3.3",
      "resolved": "https://registry.npmjs.org/@jridgewell/gen-mapping/-/gen-mapping-0.3.3.tgz",
      "integrity": "sha512-HLhSWOLRi875zjjMG/r+Nv0oCW8umGb0BgEhyX3dDX3egwZtB8PqLnjz3yedt8R5StBrzcg4aBpnh8UA9D1BoQ==",
      "inBundle": true,
      "dependencies": {
        "@jridgewell/set-array": "^1.0.1",
        "@jridgewell/sourcemap-codec": "^1.4.10",
        "@jridgewell/trace-mapping": "^0.3.9"
      },
      "engines": {
        "node": ">=6.0.0"
      }
    },
    "node_modules/@jridgewell/resolve-uri": {
      "version": "3.1.0",
      "resolved": "https://registry.npmjs.org/@jridgewell/resolve-uri/-/resolve-uri-3.1.0.tgz",
      "integrity": "sha512-F2msla3tad+Mfht5cJq7LSXcdudKTWCVYUgw6pLFOOHSTtZlj6SWNYAp+AhuqLmWdBO2X5hPrLcu8cVP8fy28w==",
      "inBundle": true,
      "engines": {
        "node": ">=6.0.0"
      }
    },
    "node_modules/@jridgewell/set-array": {
      "version": "1.1.2",
      "resolved": "https://registry.npmjs.org/@jridgewell/set-array/-/set-array-1.1.2.tgz",
      "integrity": "sha512-xnkseuNADM0gt2bs+BvhO0p78Mk762YnZdsuzFV018NoG1Sj1SCQvpSqa7XUaTam5vAGasABV9qXASMKnFMwMw==",
      "inBundle": true,
      "engines": {
        "node": ">=6.0.0"
      }
    },
    "node_modules/@jridgewell/source-map": {
      "version": "0.3.3",
      "resolved": "https://registry.npmjs.org/@jridgewell/source-map/-/source-map-0.3.3.tgz",
      "integrity": "sha512-b+fsZXeLYi9fEULmfBrhxn4IrPlINf8fiNarzTof004v3lFdntdwa9PF7vFJqm3mg7s+ScJMxXaE3Acp1irZcg==",
      "inBundle": true,
      "dependencies": {
        "@jridgewell/gen-mapping": "^0.3.0",
        "@jridgewell/trace-mapping": "^0.3.9"
      }
    },
    "node_modules/@jridgewell/sourcemap-codec": {
      "version": "1.4.15",
      "resolved": "https://registry.npmjs.org/@jridgewell/sourcemap-codec/-/sourcemap-codec-1.4.15.tgz",
      "integrity": "sha512-eF2rxCRulEKXHTRiDrDy6erMYWqNw4LPdQ8UQA4huuxaQsVeRPFl2oM8oDGxMFhJUWZf9McpLtJasDDZb/Bpeg==",
      "inBundle": true
    },
    "node_modules/@jridgewell/trace-mapping": {
      "version": "0.3.18",
      "resolved": "https://registry.npmjs.org/@jridgewell/trace-mapping/-/trace-mapping-0.3.18.tgz",
      "integrity": "sha512-w+niJYzMHdd7USdiH2U6869nqhD2nbfZXND5Yp93qIbEmnDNk7PD48o+YchRVpzMU7M6jVCbenTR7PA1FLQ9pA==",
      "inBundle": true,
      "dependencies": {
        "@jridgewell/resolve-uri": "3.1.0",
        "@jridgewell/sourcemap-codec": "1.4.14"
      }
    },
    "node_modules/@jridgewell/trace-mapping/node_modules/@jridgewell/sourcemap-codec": {
      "version": "1.4.14",
      "resolved": "https://registry.npmjs.org/@jridgewell/sourcemap-codec/-/sourcemap-codec-1.4.14.tgz",
      "integrity": "sha512-XPSJHWmi394fuUuzDnGz1wiKqWfo1yXecHQMRf2l6hztTO+nPru658AyDngaBe7isIxEkRsPR3FZh+s7iVa4Uw==",
      "inBundle": true
    },
    "node_modules/acorn": {
      "version": "8.8.2",
      "resolved": "https://registry.npmjs.org/acorn/-/acorn-8.8.2.tgz",
      "integrity": "sha512-xjIYgE8HBrkpd/sJqOGNspf8uHG+NOHGOw6a/Urj8taM2EXfdNAH2oFcPeIFfsv3+kz/mJrS5VuMqbNLjCa2vw==",
      "inBundle": true,
      "bin": {
        "acorn": "bin/acorn"
      },
      "engines": {
        "node": ">=0.4.0"
      }
    },
    "node_modules/buffer-from": {
      "version": "1.1.2",
      "resolved": "https://registry.npmjs.org/buffer-from/-/buffer-from-1.1.2.tgz",
      "integrity": "sha512-E+XQCRwSbaaiChtv6k6Dwgc+bx+Bs6vuKJHHl5kox/BaKbhiXzqQOwK4cO22yElGp2OCmjwVhT3HmxgyPGnJfQ==",
      "inBundle": true
    },
    "node_modules/commander": {
      "version": "2.20.3",
      "resolved": "https://registry.npmjs.org/commander/-/commander-2.20.3.tgz",
      "integrity": "sha512-GpVkmM8vF2vQUkj2LvZmD35JxeJOLCwJ9cUkugyk2nuhbv3+mJvpLYYt+0+USMxE+oj+ey/lJEnhZw75x/OMcQ==",
      "inBundle": true
    },
    "node_modules/decentraland-builder-scripts": {
      "version": "0.24.0",
      "resolved": "https://registry.npmjs.org/decentraland-builder-scripts/-/decentraland-builder-scripts-0.24.0.tgz",
      "integrity": "sha512-gqCwQCLX1oez3rACmeqmVUyYmcwZmpk2VozfBF4LRMawgX1YoInraKbuOTs+2DbrDG8zmbDGDCj6wAeLsg7irA==",
      "dependencies": {
        "decentraland-ecs": "^6.1.4"
      }
    },
    "node_modules/decentraland-ecs": {
      "version": "6.11.15",
      "resolved": "https://registry.npmjs.org/decentraland-ecs/-/decentraland-ecs-6.11.15.tgz",
      "integrity": "sha512-TuG11xVoptODwo02AVwQC61oHXv81W6iTfAr23/Sr0wZQYg+Ug1x/mvYMzTo/nAJWrJxtSVxRrzlQJLHDf5/Ng==",
      "inBundle": true,
      "dependencies": {
        "@dcl/amd": "6.11.15",
        "@dcl/build-ecs": "6.11.15",
        "@dcl/explorer": "1.0.93180-20230321152015.commit-92ce8d2",
        "@dcl/posix": "^1.0.4"
      }
    },
    "node_modules/source-map": {
      "version": "0.6.1",
      "resolved": "https://registry.npmjs.org/source-map/-/source-map-0.6.1.tgz",
      "integrity": "sha512-UjgapumWlbMhkBgzT7Ykc5YXUT46F0iKu8SGXq0bcwP5dz/h0Plj6enJqjz1Zbq2l5WaqYnrVbwWOWMyF3F47g==",
      "inBundle": true,
      "engines": {
        "node": ">=0.10.0"
      }
    },
    "node_modules/source-map-support": {
      "version": "0.5.21",
      "resolved": "https://registry.npmjs.org/source-map-support/-/source-map-support-0.5.21.tgz",
      "integrity": "sha512-uBHU3L3czsIyYXKX88fdrGovxdSCoTGDRZ6SYXtSRxLZUzHg5P/66Ht6uoUlHu9EZod+inXhKo3qQgwXUT/y1w==",
      "inBundle": true,
      "dependencies": {
        "buffer-from": "^1.0.0",
        "source-map": "^0.6.0"
      }
    },
    "node_modules/terser": {
      "version": "5.17.6",
      "resolved": "https://registry.npmjs.org/terser/-/terser-5.17.6.tgz",
      "integrity": "sha512-V8QHcs8YuyLkLHsJO5ucyff1ykrLVsR4dNnS//L5Y3NiSXpbK1J+WMVUs67eI0KTxs9JtHhgEQpXQVHlHI92DQ==",
      "inBundle": true,
      "dependencies": {
        "@jridgewell/source-map": "^0.3.2",
        "acorn": "^8.5.0",
        "commander": "^2.20.0",
        "source-map-support": "~0.5.20"
      },
      "bin": {
        "terser": "bin/terser"
      },
      "engines": {
        "node": ">=10"
      }
    },
    "node_modules/typescript": {
      "version": "4.9.5",
      "resolved": "https://registry.npmjs.org/typescript/-/typescript-4.9.5.tgz",
      "integrity": "sha512-1FXk9E2Hm+QzZQ7z+McJiHL4NW1F2EzMu9Nq9i3zAaGqibafqYwCVU6WyWAuyQRRzOlxou8xZSyXLEN8oKj24g==",
      "inBundle": true,
      "bin": {
        "tsc": "bin/tsc",
        "tsserver": "bin/tsserver"
      },
      "engines": {
        "node": ">=4.2.0"
      }
    }
  }
}
